// !$*UTF8*$!
{
	archiveVersion = 1;
	classes = {
	};
	objectVersion = 50;
	objects = {

/* Begin PBXBuildFile section */
		04FD1578269B2E7100D25E3C /* my_FIrst_Git_Commit_appApp.swift in Sources */ = {isa = PBXBuildFile; fileRef = 04FD1565269B2E6E00D25E3C /* my_FIrst_Git_Commit_appApp.swift */; };
		04FD1579269B2E7100D25E3C /* my_FIrst_Git_Commit_appApp.swift in Sources */ = {isa = PBXBuildFile; fileRef = 04FD1565269B2E6E00D25E3C /* my_FIrst_Git_Commit_appApp.swift */; };
		04FD157A269B2E7100D25E3C /* ContentView.swift in Sources */ = {isa = PBXBuildFile; fileRef = 04FD1566269B2E6E00D25E3C /* ContentView.swift */; };
		04FD157B269B2E7100D25E3C /* ContentView.swift in Sources */ = {isa = PBXBuildFile; fileRef = 04FD1566269B2E6E00D25E3C /* ContentView.swift */; };
		04FD157C269B2E7100D25E3C /* Assets.xcassets in Resources */ = {isa = PBXBuildFile; fileRef = 04FD1567269B2E7100D25E3C /* Assets.xcassets */; };
		04FD157D269B2E7100D25E3C /* Assets.xcassets in Resources */ = {isa = PBXBuildFile; fileRef = 04FD1567269B2E7100D25E3C /* Assets.xcassets */; };
/* End PBXBuildFile section */

/* Begin PBXFileReference section */
		04FD1565269B2E6E00D25E3C /* my_FIrst_Git_Commit_appApp.swift */ = {isa = PBXFileReference; lastKnownFileType = sourcecode.swift; path = my_FIrst_Git_Commit_appApp.swift; sourceTree = "<group>"; };
		04FD1566269B2E6E00D25E3C /* ContentView.swift */ = {isa = PBXFileReference; lastKnownFileType = sourcecode.swift; path = ContentView.swift; sourceTree = "<group>"; };
		04FD1567269B2E7100D25E3C /* Assets.xcassets */ = {isa = PBXFileReference; lastKnownFileType = folder.assetcatalog; path = Assets.xcassets; sourceTree = "<group>"; };
		04FD156C269B2E7100D25E3C /* my FIrst Git Commit app.app */ = {isa = PBXFileReference; explicitFileType = wrapper.application; includeInIndex = 0; path = "my FIrst Git Commit app.app"; sourceTree = BUILT_PRODUCTS_DIR; };
		04FD156F269B2E7100D25E3C /* Info.plist */ = {isa = PBXFileReference; lastKnownFileType = text.plist.xml; path = Info.plist; sourceTree = "<group>"; };
		04FD1574269B2E7100D25E3C /* my FIrst Git Commit app.app */ = {isa = PBXFileReference; explicitFileType = wrapper.application; includeInIndex = 0; path = "my FIrst Git Commit app.app"; sourceTree = BUILT_PRODUCTS_DIR; };
		04FD1576269B2E7100D25E3C /* Info.plist */ = {isa = PBXFileReference; lastKnownFileType = text.plist.xml; path = Info.plist; sourceTree = "<group>"; };
		04FD1577269B2E7100D25E3C /* macOS.entitlements */ = {isa = PBXFileReference; lastKnownFileType = text.plist.entitlements; path = macOS.entitlements; sourceTree = "<group>"; };
/* End PBXFileReference section */

/* Begin PBXFrameworksBuildPhase section */
		04FD1569269B2E7100D25E3C /* Frameworks */ = {
			isa = PBXFrameworksBuildPhase;
			buildActionMask = 2147483647;
			files = (
			);
			runOnlyForDeploymentPostprocessing = 0;
		};
		04FD1571269B2E7100D25E3C /* Frameworks */ = {
			isa = PBXFrameworksBuildPhase;
			buildActionMask = 2147483647;
			files = (
			);
			runOnlyForDeploymentPostprocessing = 0;
		};
/* End PBXFrameworksBuildPhase section */

/* Begin PBXGroup section */
		04FD155F269B2E6D00D25E3C = {
			isa = PBXGroup;
			children = (
				04FD1564269B2E6E00D25E3C /* Shared */,
				04FD156E269B2E7100D25E3C /* iOS */,
				04FD1575269B2E7100D25E3C /* macOS */,
				04FD156D269B2E7100D25E3C /* Products */,
			);
			sourceTree = "<group>";
		};
		04FD1564269B2E6E00D25E3C /* Shared */ = {
			isa = PBXGroup;
			children = (
				04FD1565269B2E6E00D25E3C /* my_FIrst_Git_Commit_appApp.swift */,
				04FD1566269B2E6E00D25E3C /* ContentView.swift */,
				04FD1567269B2E7100D25E3C /* Assets.xcassets */,
			);
			path = Shared;
			sourceTree = "<group>";
		};
		04FD156D269B2E7100D25E3C /* Products */ = {
			isa = PBXGroup;
			children = (
				04FD156C269B2E7100D25E3C /* my FIrst Git Commit app.app */,
				04FD1574269B2E7100D25E3C /* my FIrst Git Commit app.app */,
			);
			name = Products;
			sourceTree = "<group>";
		};
		04FD156E269B2E7100D25E3C /* iOS */ = {
			isa = PBXGroup;
			children = (
				04FD156F269B2E7100D25E3C /* Info.plist */,
			);
			path = iOS;
			sourceTree = "<group>";
		};
		04FD1575269B2E7100D25E3C /* macOS */ = {
			isa = PBXGroup;
			children = (
				04FD1576269B2E7100D25E3C /* Info.plist */,
				04FD1577269B2E7100D25E3C /* macOS.entitlements */,
			);
			path = macOS;
			sourceTree = "<group>";
		};
/* End PBXGroup section */

/* Begin PBXNativeTarget section */
		04FD156B269B2E7100D25E3C /* my FIrst Git Commit app (iOS) */ = {
			isa = PBXNativeTarget;
			buildConfigurationList = 04FD1580269B2E7100D25E3C /* Build configuration list for PBXNativeTarget "my FIrst Git Commit app (iOS)" */;
			buildPhases = (
				04FD1568269B2E7100D25E3C /* Sources */,
				04FD1569269B2E7100D25E3C /* Frameworks */,
				04FD156A269B2E7100D25E3C /* Resources */,
			);
			buildRules = (
			);
			dependencies = (
			);
			name = "my FIrst Git Commit app (iOS)";
			productName = "my FIrst Git Commit app (iOS)";
			productReference = 04FD156C269B2E7100D25E3C /* my FIrst Git Commit app.app */;
			productType = "com.apple.product-type.application";
		};
		04FD1573269B2E7100D25E3C /* my FIrst Git Commit app (macOS) */ = {
			isa = PBXNativeTarget;
			buildConfigurationList = 04FD1583269B2E7100D25E3C /* Build configuration list for PBXNativeTarget "my FIrst Git Commit app (macOS)" */;
			buildPhases = (
				04FD1570269B2E7100D25E3C /* Sources */,
				04FD1571269B2E7100D25E3C /* Frameworks */,
				04FD1572269B2E7100D25E3C /* Resources */,
			);
			buildRules = (
			);
			dependencies = (
			);
			name = "my FIrst Git Commit app (macOS)";
			productName = "my FIrst Git Commit app (macOS)";
			productReference = 04FD1574269B2E7100D25E3C /* my FIrst Git Commit app.app */;
			productType = "com.apple.product-type.application";
		};
/* End PBXNativeTarget section */

/* Begin PBXProject section */
		04FD1560269B2E6D00D25E3C /* Project object */ = {
			isa = PBXProject;
			attributes = {
				LastSwiftUpdateCheck = 1250;
				LastUpgradeCheck = 1250;
				TargetAttributes = {
					04FD156B269B2E7100D25E3C = {
						CreatedOnToolsVersion = 12.5;
					};
					04FD1573269B2E7100D25E3C = {
						CreatedOnToolsVersion = 12.5;
					};
				};
			};
			buildConfigurationList = 04FD1563269B2E6D00D25E3C /* Build configuration list for PBXProject "my FIrst Git Commit app" */;
			compatibilityVersion = "Xcode 9.3";
			developmentRegion = en;
			hasScannedForEncodings = 0;
			knownRegions = (
				en,
				Base,
			);
			mainGroup = 04FD155F269B2E6D00D25E3C;
			productRefGroup = 04FD156D269B2E7100D25E3C /* Products */;
			projectDirPath = "";
			projectRoot = "";
			targets = (
				04FD156B269B2E7100D25E3C /* my FIrst Git Commit app (iOS) */,
				04FD1573269B2E7100D25E3C /* my FIrst Git Commit app (macOS) */,
			);
		};
/* End PBXProject section */

/* Begin PBXResourcesBuildPhase section */
		04FD156A269B2E7100D25E3C /* Resources */ = {
			isa = PBXResourcesBuildPhase;
			buildActionMask = 2147483647;
			files = (
				04FD157C269B2E7100D25E3C /* Assets.xcassets in Resources */,
			);
			runOnlyForDeploymentPostprocessing = 0;
		};
		04FD1572269B2E7100D25E3C /* Resources */ = {
			isa = PBXResourcesBuildPhase;
			buildActionMask = 2147483647;
			files = (
				04FD157D269B2E7100D25E3C /* Assets.xcassets in Resources */,
			);
			runOnlyForDeploymentPostprocessing = 0;
		};
/* End PBXResourcesBuildPhase section */

/* Begin PBXSourcesBuildPhase section */
		04FD1568269B2E7100D25E3C /* Sources */ = {
			isa = PBXSourcesBuildPhase;
			buildActionMask = 2147483647;
			files = (
				04FD157A269B2E7100D25E3C /* ContentView.swift in Sources */,
				04FD1578269B2E7100D25E3C /* my_FIrst_Git_Commit_appApp.swift in Sources */,
			);
			runOnlyForDeploymentPostprocessing = 0;
		};
		04FD1570269B2E7100D25E3C /* Sources */ = {
			isa = PBXSourcesBuildPhase;
			buildActionMask = 2147483647;
			files = (
				04FD157B269B2E7100D25E3C /* ContentView.swift in Sources */,
				04FD1579269B2E7100D25E3C /* my_FIrst_Git_Commit_appApp.swift in Sources */,
			);
			runOnlyForDeploymentPostprocessing = 0;
		};
/* End PBXSourcesBuildPhase section */

/* Begin XCBuildConfiguration section */
		04FD157E269B2E7100D25E3C /* Debug */ = {
			isa = XCBuildConfiguration;
			buildSettings = {
				ALWAYS_SEARCH_USER_PATHS = NO;
				CLANG_ANALYZER_NONNULL = YES;
				CLANG_ANALYZER_NUMBER_OBJECT_CONVERSION = YES_AGGRESSIVE;
				CLANG_CXX_LANGUAGE_STANDARD = "gnu++14";
				CLANG_CXX_LIBRARY = "libc++";
				CLANG_ENABLE_MODULES = YES;
				CLANG_ENABLE_OBJC_ARC = YES;
				CLANG_ENABLE_OBJC_WEAK = YES;
				CLANG_WARN_BLOCK_CAPTURE_AUTORELEASING = YES;
				CLANG_WARN_BOOL_CONVERSION = YES;
				CLANG_WARN_COMMA = YES;
				CLANG_WARN_CONSTANT_CONVERSION = YES;
				CLANG_WARN_DEPRECATED_OBJC_IMPLEMENTATIONS = YES;
				CLANG_WARN_DIRECT_OBJC_ISA_USAGE = YES_ERROR;
				CLANG_WARN_DOCUMENTATION_COMMENTS = YES;
				CLANG_WARN_EMPTY_BODY = YES;
				CLANG_WARN_ENUM_CONVERSION = YES;
				CLANG_WARN_INFINITE_RECURSION = YES;
				CLANG_WARN_INT_CONVERSION = YES;
				CLANG_WARN_NON_LITERAL_NULL_CONVERSION = YES;
				CLANG_WARN_OBJC_IMPLICIT_RETAIN_SELF = YES;
				CLANG_WARN_OBJC_LITERAL_CONVERSION = YES;
				CLANG_WARN_OBJC_ROOT_CLASS = YES_ERROR;
				CLANG_WARN_QUOTED_INCLUDE_IN_FRAMEWORK_HEADER = YES;
				CLANG_WARN_RANGE_LOOP_ANALYSIS = YES;
				CLANG_WARN_STRICT_PROTOTYPES = YES;
				CLANG_WARN_SUSPICIOUS_MOVE = YES;
				CLANG_WARN_UNGUARDED_AVAILABILITY = YES_AGGRESSIVE;
				CLANG_WARN_UNREACHABLE_CODE = YES;
				CLANG_WARN__DUPLICATE_METHOD_MATCH = YES;
				COPY_PHASE_STRIP = NO;
				DEBUG_INFORMATION_FORMAT = dwarf;
				ENABLE_STRICT_OBJC_MSGSEND = YES;
				ENABLE_TESTABILITY = YES;
				GCC_C_LANGUAGE_STANDARD = gnu11;
				GCC_DYNAMIC_NO_PIC = NO;
				GCC_NO_COMMON_BLOCKS = YES;
				GCC_OPTIMIZATION_LEVEL = 0;
				GCC_PREPROCESSOR_DEFINITIONS = (
					"DEBUG=1",
					"$(inherited)",
				);
				GCC_WARN_64_TO_32_BIT_CONVERSION = YES;
				GCC_WARN_ABOUT_RETURN_TYPE = YES_ERROR;
				GCC_WARN_UNDECLARED_SELECTOR = YES;
				GCC_WARN_UNINITIALIZED_AUTOS = YES_AGGRESSIVE;
				GCC_WARN_UNUSED_FUNCTION = YES;
				GCC_WARN_UNUSED_VARIABLE = YES;
				MTL_ENABLE_DEBUG_INFO = INCLUDE_SOURCE;
				MTL_FAST_MATH = YES;
				ONLY_ACTIVE_ARCH = YES;
				SWIFT_ACTIVE_COMPILATION_CONDITIONS = DEBUG;
				SWIFT_OPTIMIZATION_LEVEL = "-Onone";
			};
			name = Debug;
		};
		04FD157F269B2E7100D25E3C /* Release */ = {
			isa = XCBuildConfiguration;
			buildSettings = {
				ALWAYS_SEARCH_USER_PATHS = NO;
				CLANG_ANALYZER_NONNULL = YES;
				CLANG_ANALYZER_NUMBER_OBJECT_CONVERSION = YES_AGGRESSIVE;
				CLANG_CXX_LANGUAGE_STANDARD = "gnu++14";
				CLANG_CXX_LIBRARY = "libc++";
				CLANG_ENABLE_MODULES = YES;
				CLANG_ENABLE_OBJC_ARC = YES;
				CLANG_ENABLE_OBJC_WEAK = YES;
				CLANG_WARN_BLOCK_CAPTURE_AUTORELEASING = YES;
				CLANG_WARN_BOOL_CONVERSION = YES;
				CLANG_WARN_COMMA = YES;
				CLANG_WARN_CONSTANT_CONVERSION = YES;
				CLANG_WARN_DEPRECATED_OBJC_IMPLEMENTATIONS = YES;
				CLANG_WARN_DIRECT_OBJC_ISA_USAGE = YES_ERROR;
				CLANG_WARN_DOCUMENTATION_COMMENTS = YES;
				CLANG_WARN_EMPTY_BODY = YES;
				CLANG_WARN_ENUM_CONVERSION = YES;
				CLANG_WARN_INFINITE_RECURSION = YES;
				CLANG_WARN_INT_CONVERSION = YES;
				CLANG_WARN_NON_LITERAL_NULL_CONVERSION = YES;
				CLANG_WARN_OBJC_IMPLICIT_RETAIN_SELF = YES;
				CLANG_WARN_OBJC_LITERAL_CONVERSION = YES;
				CLANG_WARN_OBJC_ROOT_CLASS = YES_ERROR;
				CLANG_WARN_QUOTED_INCLUDE_IN_FRAMEWORK_HEADER = YES;
				CLANG_WARN_RANGE_LOOP_ANALYSIS = YES;
				CLANG_WARN_STRICT_PROTOTYPES = YES;
				CLANG_WARN_SUSPICIOUS_MOVE = YES;
				CLANG_WARN_UNGUARDED_AVAILABILITY = YES_AGGRESSIVE;
				CLANG_WARN_UNREACHABLE_CODE = YES;
				CLANG_WARN__DUPLICATE_METHOD_MATCH = YES;
				COPY_PHASE_STRIP = NO;
				DEBUG_INFORMATION_FORMAT = "dwarf-with-dsym";
				ENABLE_NS_ASSERTIONS = NO;
				ENABLE_STRICT_OBJC_MSGSEND = YES;
				GCC_C_LANGUAGE_STANDARD = gnu11;
				GCC_NO_COMMON_BLOCKS = YES;
				GCC_WARN_64_TO_32_BIT_CONVERSION = YES;
				GCC_WARN_ABOUT_RETURN_TYPE = YES_ERROR;
				GCC_WARN_UNDECLARED_SELECTOR = YES;
				GCC_WARN_UNINITIALIZED_AUTOS = YES_AGGRESSIVE;
				GCC_WARN_UNUSED_FUNCTION = YES;
				GCC_WARN_UNUSED_VARIABLE = YES;
				MTL_ENABLE_DEBUG_INFO = NO;
				MTL_FAST_MATH = YES;
				SWIFT_COMPILATION_MODE = wholemodule;
				SWIFT_OPTIMIZATION_LEVEL = "-O";
			};
			name = Release;
		};
		04FD1581269B2E7100D25E3C /* Debug */ = {
			isa = XCBuildConfiguration;
			buildSettings = {
				ASSETCATALOG_COMPILER_APPICON_NAME = AppIcon;
				ASSETCATALOG_COMPILER_GLOBAL_ACCENT_COLOR_NAME = AccentColor;
				CODE_SIGN_STYLE = Automatic;
				ENABLE_PREVIEWS = YES;
				INFOPLIST_FILE = iOS/Info.plist;
				IPHONEOS_DEPLOYMENT_TARGET = 14.0;
				LD_RUNPATH_SEARCH_PATHS = (
					"$(inherited)",
					"@executable_path/Frameworks",
				);
				PRODUCT_BUNDLE_IDENTIFIER = "com.self.firstGitDemo.my-FIrst-Git-Commit-app";
				PRODUCT_NAME = "my FIrst Git Commit app";
				SDKROOT = iphoneos;
				SWIFT_VERSION = 5.0;
				TARGETED_DEVICE_FAMILY = "1,2";
			};
			name = Debug;
		};
		04FD1582269B2E7100D25E3C /* Release */ = {
			isa = XCBuildConfiguration;
			buildSettings = {
				ASSETCATALOG_COMPILER_APPICON_NAME = AppIcon;
				ASSETCATALOG_COMPILER_GLOBAL_ACCENT_COLOR_NAME = AccentColor;
				CODE_SIGN_STYLE = Automatic;
				ENABLE_PREVIEWS = YES;
				INFOPLIST_FILE = iOS/Info.plist;
				IPHONEOS_DEPLOYMENT_TARGET = 14.0;
				LD_RUNPATH_SEARCH_PATHS = (
					"$(inherited)",
					"@executable_path/Frameworks",
				);
				PRODUCT_BUNDLE_IDENTIFIER = "com.self.firstGitDemo.my-FIrst-Git-Commit-app";
				PRODUCT_NAME = "my FIrst Git Commit app";
				SDKROOT = iphoneos;
				SWIFT_VERSION = 5.0;
				TARGETED_DEVICE_FAMILY = "1,2";
				VALIDATE_PRODUCT = YES;
			};
			name = Release;
		};
		04FD1584269B2E7100D25E3C /* Debug */ = {
			isa = XCBuildConfiguration;
			buildSettings = {
				ASSETCATALOG_COMPILER_APPICON_NAME = AppIcon;
				ASSETCATALOG_COMPILER_GLOBAL_ACCENT_COLOR_NAME = AccentColor;
				CODE_SIGN_ENTITLEMENTS = macOS/macOS.entitlements;
				CODE_SIGN_STYLE = Automatic;
				COMBINE_HIDPI_IMAGES = YES;
				ENABLE_PREVIEWS = YES;
				INFOPLIST_FILE = macOS/Info.plist;
				LD_RUNPATH_SEARCH_PATHS = (
					"$(inherited)",
					"@executable_path/../Frameworks",
				);
				MACOSX_DEPLOYMENT_TARGET = 11.0;
				PRODUCT_BUNDLE_IDENTIFIER = "com.self.firstGitDemo.my-FIrst-Git-Commit-app";
				PRODUCT_NAME = "my FIrst Git Commit app";
				SDKROOT = macosx;
				SWIFT_VERSION = 5.0;
			};
			name = Debug;
		};
		04FD1585269B2E7100D25E3C /* Release */ = {
			isa = XCBuildConfiguration;
			buildSettings = {
				ASSETCATALOG_COMPILER_APPICON_NAME = AppIcon;
				ASSETCATALOG_COMPILER_GLOBAL_ACCENT_COLOR_NAME = AccentColor;
				CODE_SIGN_ENTITLEMENTS = macOS/macOS.entitlements;
				CODE_SIGN_STYLE = Automatic;
				COMBINE_HIDPI_IMAGES = YES;
				ENABLE_PREVIEWS = YES;
				INFOPLIST_FILE = macOS/Info.plist;
				LD_RUNPATH_SEARCH_PATHS = (
					"$(inherited)",
					"@executable_path/../Frameworks",
				);
				MACOSX_DEPLOYMENT_TARGET = 11.0;
				PRODUCT_BUNDLE_IDENTIFIER = "com.self.firstGitDemo.my-FIrst-Git-Commit-app";
				PRODUCT_NAME = "my FIrst Git Commit app";
				SDKROOT = macosx;
				SWIFT_VERSION = 5.0;
			};
			name = Release;
		};
/* End XCBuildConfiguration section */

/* Begin XCConfigurationList section */
		04FD1563269B2E6D00D25E3C /* Build configuration list for PBXProject "my FIrst Git Commit app" */ = {
			isa = XCConfigurationList;
			buildConfigurations = (
				04FD157E269B2E7100D25E3C /* Debug */,
				04FD157F269B2E7100D25E3C /* Release */,
			);
			defaultConfigurationIsVisible = 0;
			defaultConfigurationName = Release;
		};
		04FD1580269B2E7100D25E3C /* Build configuration list for PBXNativeTarget "my FIrst Git Commit app (iOS)" */ = {
			isa = XCConfigurationList;
			buildConfigurations = (
				04FD1581269B2E7100D25E3C /* Debug */,
				04FD1582269B2E7100D25E3C /* Release */,
			);
			defaultConfigurationIsVisible = 0;
			defaultConfigurationName = Release;
		};
		04FD1583269B2E7100D25E3C /* Build configuration list for PBXNativeTarget "my FIrst Git Commit app (macOS)" */ = {
			isa = XCConfigurationList;
			buildConfigurations = (
				04FD1584269B2E7100D25E3C /* Debug */,
				04FD1585269B2E7100D25E3C /* Release */,
			);
			defaultConfigurationIsVisible = 0;
			defaultConfigurationName = Release;
		};
/* End XCConfigurationList section */
	};
	rootObject = 04FD1560269B2E6D00D25E3C /* Project object */;
}
